{
    "version": 3,
    "terraform_version": "0.11.8",
    "serial": 3,
    "lineage": "1eee4e58-665a-3223-0a4e-025d0b882b4d",
    "modules": [
        {
            "path": [
                "root"
            ],
            "outputs": {
                "config_map_aws_auth": {
                    "sensitive": false,
                    "type": "string",
                    "value": "\n\napiVersion: v1\nkind: ConfigMap\nmetadata:\n  name: aws-auth\n  namespace: kube-system\ndata:\n  mapRoles: |\n    - rolearn: arn:aws:iam::354077607506:role/Sample4000-demo\n      username: system:node:{{EC2PrivateDNSName}}\n      groups:\n        - system:bootstrappers\n        - system:nodes\n"
                },
                "kubeconfig": {
                    "sensitive": false,
                    "type": "string",
                    "value": "\n\napiVersion: v1\nclusters:\n- cluster:\n    server: https://800E7B18E61ADCA7A171799D99420AA9.sk1.us-east-1.eks.amazonaws.com\n    certificate-authority-data: LS0tLS1CRUdJTiBDRVJUSUZJQ0FURS0tLS0tCk1JSUN5RENDQWJDZ0F3SUJBZ0lCQURBTkJna3Foa2lHOXcwQkFRc0ZBREFWTVJNd0VRWURWUVFERXdwcmRXSmwKY201bGRHVnpNQjRYRFRFNE1UQXdNekE0TkRnek1Wb1hEVEk0TURrek1EQTRORGd6TVZvd0ZURVRNQkVHQTFVRQpBeE1LYTNWaVpYSnVaWFJsY3pDQ0FTSXdEUVlKS29aSWh2Y05BUUVCQlFBRGdnRVBBRENDQVFvQ2dnRUJBTUgxCnBaM2EvZ1NTWHB0V1pmYkViSGZRZVh2Ym9sTndoakw2Ylh0ZVltZlpRcmFlNWtMdkc0VUZCT01kRHNMcGQvcisKTVVLamt3aXZGaXRST29QcVMxWWNrUENJaTV1aXBQdVM3Yi9uZkVkZWtuNk02VFMzZktGWVdmR20xVDBEeEs1OQpDUit4bjRQbXVHWE10am5ldnZJb3RKZm41bFBFZFVJYno1T3p1aWdUcUJMUFBBK3ZFcmp1Zy9DS2ROR1Mvek92CjR4LzR6T0JVU1lRcGwzMjJQbC9sNmFBWURkTzNDNi9UV3dqQjE0VEVDVHpoUmhabUJKblVkSThRanY1TVBkVVUKRVpVUjNGcFpRc1dWQ2RPaFRQME1UMWVGV3gyRE9SVGZmVlg3WXl0ZEdlbHJLaFhIR01VbHltemlrdXJVZ25ueQowNE9NdkRxT1NCQTcyWlVkNUtrQ0F3RUFBYU1qTUNFd0RnWURWUjBQQVFIL0JBUURBZ0trTUE4R0ExVWRFd0VCCi93UUZNQU1CQWY4d0RRWUpLb1pJaHZjTkFRRUxCUUFEZ2dFQkFBcVBOdHhVcTFVTzl0c29nYlRzNUtVY2xVZ28Ka1VvQTJnRTRRQUhFcEFlSng0WllSamtEWVlJTGpUZmtVOXpxa1VNVlFuNkhEeVFHWU5RQXpEbVQ1Q09XVjZvdgpnSmNIVVN0MFZPVkZTZFMzRGF3aWFmWUVqZjcwT09ETFpYSCtUTnpacmMzN2JtR0psNVI5cjQ1dXIyMEJzR29YCklNazdPNU52b0RUQjBwN0Vtd29aVTR5UGRrMDVZenpBa2tIRkZCdXZKdmp5eVkwMklYanh4NmdxbVkvUHZKeXcKQlRCUnJJQU1UczdiQnM1ZTJETzVOVjM5SzhnY1FVcmZLWHQxdngyOXRvYS9jYnhQVkN5elAzS2QrUmFnbXVBTwpvUVRIZytJWklnbDlHb1ZxTXp1Wm1ETDhGOVk2NjNOSk1vdlhlM3ZqVXV6a2hZaFQ5dkFQYkF0ek5pWT0KLS0tLS1FTkQgQ0VSVElGSUNBVEUtLS0tLQo=\n  name: kubernetes\ncontexts:\n- context:\n    cluster: kubernetes\n    user: aws\n  name: aws\ncurrent-context: aws\nkind: Config\npreferences: {}\nusers:\n- name: aws\n  user:\n    exec:\n      apiVersion: client.authentication.k8s.io/v1alpha1\n      command: aws-iam-authenticator\n      args:\n        - \"token\"\n        - \"-i\"\n        - \"Sample4000\"\n"
                }
            },
            "resources": {
                "data.aws_availability_zones.available": {
                    "type": "aws_availability_zones",
                    "depends_on": [],
                    "primary": {
                        "id": "2018-10-03 08:41:39.500374886 +0000 UTC",
                        "attributes": {
                            "id": "2018-10-03 08:41:39.500374886 +0000 UTC",
                            "names.#": "6",
                            "names.0": "us-east-1a",
                            "names.1": "us-east-1b",
                            "names.2": "us-east-1c",
                            "names.3": "us-east-1d",
                            "names.4": "us-east-1e",
                            "names.5": "us-east-1f"
                        },
                        "meta": {},
                        "tainted": false
                    },
                    "deposed": [],
                    "provider": "provider.aws"
                },
                "data.aws_region.current": {
                    "type": "aws_region",
                    "depends_on": [],
                    "primary": {
                        "id": "us-east-1",
                        "attributes": {
                            "current": "true",
                            "description": "US East (N. Virginia)",
                            "endpoint": "ec2.us-east-1.amazonaws.com",
                            "id": "us-east-1",
                            "name": "us-east-1"
                        },
                        "meta": {},
                        "tainted": false
                    },
                    "deposed": [],
                    "provider": "provider.aws"
                },
                "data.http.workstation-external-ip": {
                    "type": "http",
                    "depends_on": [],
                    "primary": {
                        "id": "2018-10-03 08:41:37.450796513 +0000 UTC",
                        "attributes": {
                            "body": "50.125.95.249\n",
                            "id": "2018-10-03 08:41:37.450796513 +0000 UTC",
                            "url": "http://ipv4.icanhazip.com"
                        },
                        "meta": {},
                        "tainted": false
                    },
                    "deposed": [],
                    "provider": "provider.http"
                }
            },
            "depends_on": []
        },
        {
            "path": [
                "root",
                "eks"
            ],
            "outputs": {
                "cluster-certificate-authority-data": {
                    "sensitive": false,
                    "type": "string",
                    "value": "LS0tLS1CRUdJTiBDRVJUSUZJQ0FURS0tLS0tCk1JSUN5RENDQWJDZ0F3SUJBZ0lCQURBTkJna3Foa2lHOXcwQkFRc0ZBREFWTVJNd0VRWURWUVFERXdwcmRXSmwKY201bGRHVnpNQjRYRFRFNE1UQXdNekE0TkRnek1Wb1hEVEk0TURrek1EQTRORGd6TVZvd0ZURVRNQkVHQTFVRQpBeE1LYTNWaVpYSnVaWFJsY3pDQ0FTSXdEUVlKS29aSWh2Y05BUUVCQlFBRGdnRVBBRENDQVFvQ2dnRUJBTUgxCnBaM2EvZ1NTWHB0V1pmYkViSGZRZVh2Ym9sTndoakw2Ylh0ZVltZlpRcmFlNWtMdkc0VUZCT01kRHNMcGQvcisKTVVLamt3aXZGaXRST29QcVMxWWNrUENJaTV1aXBQdVM3Yi9uZkVkZWtuNk02VFMzZktGWVdmR20xVDBEeEs1OQpDUit4bjRQbXVHWE10am5ldnZJb3RKZm41bFBFZFVJYno1T3p1aWdUcUJMUFBBK3ZFcmp1Zy9DS2ROR1Mvek92CjR4LzR6T0JVU1lRcGwzMjJQbC9sNmFBWURkTzNDNi9UV3dqQjE0VEVDVHpoUmhabUJKblVkSThRanY1TVBkVVUKRVpVUjNGcFpRc1dWQ2RPaFRQME1UMWVGV3gyRE9SVGZmVlg3WXl0ZEdlbHJLaFhIR01VbHltemlrdXJVZ25ueQowNE9NdkRxT1NCQTcyWlVkNUtrQ0F3RUFBYU1qTUNFd0RnWURWUjBQQVFIL0JBUURBZ0trTUE4R0ExVWRFd0VCCi93UUZNQU1CQWY4d0RRWUpLb1pJaHZjTkFRRUxCUUFEZ2dFQkFBcVBOdHhVcTFVTzl0c29nYlRzNUtVY2xVZ28Ka1VvQTJnRTRRQUhFcEFlSng0WllSamtEWVlJTGpUZmtVOXpxa1VNVlFuNkhEeVFHWU5RQXpEbVQ1Q09XVjZvdgpnSmNIVVN0MFZPVkZTZFMzRGF3aWFmWUVqZjcwT09ETFpYSCtUTnpacmMzN2JtR0psNVI5cjQ1dXIyMEJzR29YCklNazdPNU52b0RUQjBwN0Vtd29aVTR5UGRrMDVZenpBa2tIRkZCdXZKdmp5eVkwMklYanh4NmdxbVkvUHZKeXcKQlRCUnJJQU1UczdiQnM1ZTJETzVOVjM5SzhnY1FVcmZLWHQxdngyOXRvYS9jYnhQVkN5elAzS2QrUmFnbXVBTwpvUVRIZytJWklnbDlHb1ZxTXp1Wm1ETDhGOVk2NjNOSk1vdlhlM3ZqVXV6a2hZaFQ5dkFQYkF0ek5pWT0KLS0tLS1FTkQgQ0VSVElGSUNBVEUtLS0tLQo="
                },
                "cluster-endpoint": {
                    "sensitive": false,
                    "type": "string",
                    "value": "https://800E7B18E61ADCA7A171799D99420AA9.sk1.us-east-1.eks.amazonaws.com"
                },
                "node-role-arn": {
                    "sensitive": false,
                    "type": "string",
                    "value": "arn:aws:iam::354077607506:role/Sample4000-demo"
                }
            },
            "resources": {
                "aws_autoscaling_group.demo": {
                    "type": "aws_autoscaling_group",
                    "depends_on": [
                        "aws_launch_configuration.demo"
                    ],
                    "primary": {
                        "id": "Sample4000-demo",
                        "attributes": {
                            "arn": "arn:aws:autoscaling:us-east-1:354077607506:autoScalingGroup:8da097fe-db7f-46df-b416-21afad0d575c:autoScalingGroupName/Sample4000-demo",
                            "availability_zones.#": "2",
                            "availability_zones.1305112097": "us-east-1b",
                            "availability_zones.3569565595": "us-east-1a",
                            "default_cooldown": "300",
                            "desired_capacity": "2",
                            "enabled_metrics.#": "0",
                            "force_delete": "false",
                            "health_check_grace_period": "300",
                            "health_check_type": "EC2",
                            "id": "Sample4000-demo",
                            "launch_configuration": "Sample4000-demo20181003085108309500000006",
                            "launch_template.#": "0",
                            "load_balancers.#": "0",
                            "max_size": "3",
                            "metrics_granularity": "1Minute",
                            "min_size": "1",
                            "name": "Sample4000-demo",
                            "placement_group": "",
                            "protect_from_scale_in": "false",
                            "service_linked_role_arn": "arn:aws:iam::354077607506:role/aws-service-role/autoscaling.amazonaws.com/AWSServiceRoleForAutoScaling",
                            "suspended_processes.#": "0",
                            "tag.#": "2",
                            "tag.1705808330.key": "kubernetes.io/cluster/Sample4000",
                            "tag.1705808330.propagate_at_launch": "true",
                            "tag.1705808330.value": "owned",
                            "tag.4079220990.key": "Name",
                            "tag.4079220990.propagate_at_launch": "true",
                            "tag.4079220990.value": "terraform-eks-demo",
                            "target_group_arns.#": "0",
                            "termination_policies.#": "0",
                            "vpc_zone_identifier.#": "2",
                            "vpc_zone_identifier.1141717983": "subnet-07f5674f7d7145411",
                            "vpc_zone_identifier.179926759": "subnet-015eafaa2e868d52e",
                            "wait_for_capacity_timeout": "10m"
                        },
                        "meta": {
                            "e2bfb730-ecaa-11e6-8f88-34363bc7c4c0": {
                                "delete": 600000000000
                            }
                        },
                        "tainted": false
                    },
                    "deposed": [],
                    "provider": "provider.aws"
                },
                "aws_eks_cluster.demo": {
                    "type": "aws_eks_cluster",
                    "depends_on": [
                        "aws_iam_role.demo-cluster",
                        "aws_iam_role_policy_attachment.demo-cluster-AmazonEKSClusterPolicy",
                        "aws_iam_role_policy_attachment.demo-cluster-AmazonEKSServicePolicy",
                        "aws_security_group.demo-cluster"
                    ],
                    "primary": {
                        "id": "Sample4000",
                        "attributes": {
                            "arn": "arn:aws:eks:us-east-1:354077607506:cluster/Sample4000",
                            "certificate_authority.#": "1",
                            "certificate_authority.0.data": "LS0tLS1CRUdJTiBDRVJUSUZJQ0FURS0tLS0tCk1JSUN5RENDQWJDZ0F3SUJBZ0lCQURBTkJna3Foa2lHOXcwQkFRc0ZBREFWTVJNd0VRWURWUVFERXdwcmRXSmwKY201bGRHVnpNQjRYRFRFNE1UQXdNekE0TkRnek1Wb1hEVEk0TURrek1EQTRORGd6TVZvd0ZURVRNQkVHQTFVRQpBeE1LYTNWaVpYSnVaWFJsY3pDQ0FTSXdEUVlKS29aSWh2Y05BUUVCQlFBRGdnRVBBRENDQVFvQ2dnRUJBTUgxCnBaM2EvZ1NTWHB0V1pmYkViSGZRZVh2Ym9sTndoakw2Ylh0ZVltZlpRcmFlNWtMdkc0VUZCT01kRHNMcGQvcisKTVVLamt3aXZGaXRST29QcVMxWWNrUENJaTV1aXBQdVM3Yi9uZkVkZWtuNk02VFMzZktGWVdmR20xVDBEeEs1OQpDUit4bjRQbXVHWE10am5ldnZJb3RKZm41bFBFZFVJYno1T3p1aWdUcUJMUFBBK3ZFcmp1Zy9DS2ROR1Mvek92CjR4LzR6T0JVU1lRcGwzMjJQbC9sNmFBWURkTzNDNi9UV3dqQjE0VEVDVHpoUmhabUJKblVkSThRanY1TVBkVVUKRVpVUjNGcFpRc1dWQ2RPaFRQME1UMWVGV3gyRE9SVGZmVlg3WXl0ZEdlbHJLaFhIR01VbHltemlrdXJVZ25ueQowNE9NdkRxT1NCQTcyWlVkNUtrQ0F3RUFBYU1qTUNFd0RnWURWUjBQQVFIL0JBUURBZ0trTUE4R0ExVWRFd0VCCi93UUZNQU1CQWY4d0RRWUpLb1pJaHZjTkFRRUxCUUFEZ2dFQkFBcVBOdHhVcTFVTzl0c29nYlRzNUtVY2xVZ28Ka1VvQTJnRTRRQUhFcEFlSng0WllSamtEWVlJTGpUZmtVOXpxa1VNVlFuNkhEeVFHWU5RQXpEbVQ1Q09XVjZvdgpnSmNIVVN0MFZPVkZTZFMzRGF3aWFmWUVqZjcwT09ETFpYSCtUTnpacmMzN2JtR0psNVI5cjQ1dXIyMEJzR29YCklNazdPNU52b0RUQjBwN0Vtd29aVTR5UGRrMDVZenpBa2tIRkZCdXZKdmp5eVkwMklYanh4NmdxbVkvUHZKeXcKQlRCUnJJQU1UczdiQnM1ZTJETzVOVjM5SzhnY1FVcmZLWHQxdngyOXRvYS9jYnhQVkN5elAzS2QrUmFnbXVBTwpvUVRIZytJWklnbDlHb1ZxTXp1Wm1ETDhGOVk2NjNOSk1vdlhlM3ZqVXV6a2hZaFQ5dkFQYkF0ek5pWT0KLS0tLS1FTkQgQ0VSVElGSUNBVEUtLS0tLQo=",
                            "created_at": "2018-10-03 08:41:29 +0000 UTC",
                            "endpoint": "https://800E7B18E61ADCA7A171799D99420AA9.sk1.us-east-1.eks.amazonaws.com",
                            "id": "Sample4000",
                            "name": "Sample4000",
                            "platform_version": "eks.2",
                            "role_arn": "arn:aws:iam::354077607506:role/Sample4000-demo-cluster",
                            "version": "1.10",
                            "vpc_config.#": "1",
                            "vpc_config.0.security_group_ids.#": "1",
                            "vpc_config.0.security_group_ids.3742379818": "sg-09a7a0eff1af8b49e",
                            "vpc_config.0.subnet_ids.#": "2",
                            "vpc_config.0.subnet_ids.1567475716": "subnet-015eafaa2e868d52e",
                            "vpc_config.0.subnet_ids.1965147351": "subnet-07f5674f7d7145411",
                            "vpc_config.0.vpc_id": "vpc-09b17c96fe3254bfa"
                        },
                        "meta": {
                            "e2bfb730-ecaa-11e6-8f88-34363bc7c4c0": {
                                "create": 900000000000,
                                "delete": 900000000000
                            }
                        },
                        "tainted": false
                    },
                    "deposed": [],
                    "provider": "provider.aws"
                },
                "aws_iam_instance_profile.demo-node": {
                    "type": "aws_iam_instance_profile",
                    "depends_on": [
                        "aws_iam_role.demo-node"
                    ],
                    "primary": {
                        "id": "Sample4000-demo",
                        "attributes": {
                            "arn": "arn:aws:iam::354077607506:instance-profile/Sample4000-demo",
                            "create_date": "2018-10-03T08:41:10Z",
                            "id": "Sample4000-demo",
                            "name": "Sample4000-demo",
                            "path": "/",
                            "role": "Sample4000-demo",
                            "roles.#": "0",
                            "unique_id": "AIPAJVTQEIAKLPG4UFO4Q"
                        },
                        "meta": {},
                        "tainted": false
                    },
                    "deposed": [],
                    "provider": "provider.aws"
                },
                "aws_iam_role.demo-cluster": {
                    "type": "aws_iam_role",
                    "depends_on": [],
                    "primary": {
                        "id": "Sample4000-demo-cluster",
                        "attributes": {
                            "arn": "arn:aws:iam::354077607506:role/Sample4000-demo-cluster",
                            "assume_role_policy": "{\"Version\":\"2012-10-17\",\"Statement\":[{\"Effect\":\"Allow\",\"Principal\":{\"Service\":\"eks.amazonaws.com\"},\"Action\":\"sts:AssumeRole\"}]}",
                            "create_date": "2018-10-03T08:41:08Z",
                            "description": "",
                            "force_detach_policies": "false",
                            "id": "Sample4000-demo-cluster",
                            "max_session_duration": "3600",
                            "name": "Sample4000-demo-cluster",
                            "path": "/",
                            "unique_id": "AROAI6QQYHAPDOG7E7A6A"
                        },
                        "meta": {},
                        "tainted": false
                    },
                    "deposed": [],
                    "provider": "provider.aws"
                },
                "aws_iam_role.demo-node": {
                    "type": "aws_iam_role",
                    "depends_on": [],
                    "primary": {
                        "id": "Sample4000-demo",
                        "attributes": {
                            "arn": "arn:aws:iam::354077607506:role/Sample4000-demo",
                            "assume_role_policy": "{\"Version\":\"2012-10-17\",\"Statement\":[{\"Effect\":\"Allow\",\"Principal\":{\"Service\":\"ec2.amazonaws.com\"},\"Action\":\"sts:AssumeRole\"}]}",
                            "create_date": "2018-10-03T08:41:08Z",
                            "description": "",
                            "force_detach_policies": "false",
                            "id": "Sample4000-demo",
                            "max_session_duration": "3600",
                            "name": "Sample4000-demo",
                            "path": "/",
                            "unique_id": "AROAITC3XVCXTSSC2CZRM"
                        },
                        "meta": {},
                        "tainted": false
                    },
                    "deposed": [],
                    "provider": "provider.aws"
                },
                "aws_iam_role_policy_attachment.demo-cluster-AmazonEKSClusterPolicy": {
                    "type": "aws_iam_role_policy_attachment",
                    "depends_on": [
                        "aws_iam_role.demo-cluster"
                    ],
                    "primary": {
                        "id": "Sample4000-demo-cluster-20181003084148716700000004",
                        "attributes": {
                            "id": "Sample4000-demo-cluster-20181003084148716700000004",
                            "policy_arn": "arn:aws:iam::aws:policy/AmazonEKSClusterPolicy",
                            "role": "Sample4000-demo-cluster"
                        },
                        "meta": {},
                        "tainted": false
                    },
                    "deposed": [],
                    "provider": "provider.aws"
                },
                "aws_iam_role_policy_attachment.demo-cluster-AmazonEKSServicePolicy": {
                    "type": "aws_iam_role_policy_attachment",
                    "depends_on": [
                        "aws_iam_role.demo-cluster"
                    ],
                    "primary": {
                        "id": "Sample4000-demo-cluster-20181003084148732200000005",
                        "attributes": {
                            "id": "Sample4000-demo-cluster-20181003084148732200000005",
                            "policy_arn": "arn:aws:iam::aws:policy/AmazonEKSServicePolicy",
                            "role": "Sample4000-demo-cluster"
                        },
                        "meta": {},
                        "tainted": false
                    },
                    "deposed": [],
                    "provider": "provider.aws"
                },
                "aws_iam_role_policy_attachment.demo-node-AmazonEC2ContainerRegistryReadOnly": {
                    "type": "aws_iam_role_policy_attachment",
                    "depends_on": [
                        "aws_iam_role.demo-node"
                    ],
                    "primary": {
                        "id": "Sample4000-demo-20181003084148506600000003",
                        "attributes": {
                            "id": "Sample4000-demo-20181003084148506600000003",
                            "policy_arn": "arn:aws:iam::aws:policy/AmazonEC2ContainerRegistryReadOnly",
                            "role": "Sample4000-demo"
                        },
                        "meta": {},
                        "tainted": false
                    },
                    "deposed": [],
                    "provider": "provider.aws"
                },
                "aws_iam_role_policy_attachment.demo-node-AmazonEKSWorkerNodePolicy": {
                    "type": "aws_iam_role_policy_attachment",
                    "depends_on": [
                        "aws_iam_role.demo-node"
                    ],
                    "primary": {
                        "id": "Sample4000-demo-20181003084148498700000002",
                        "attributes": {
                            "id": "Sample4000-demo-20181003084148498700000002",
                            "policy_arn": "arn:aws:iam::aws:policy/AmazonEKSWorkerNodePolicy",
                            "role": "Sample4000-demo"
                        },
                        "meta": {},
                        "tainted": false
                    },
                    "deposed": [],
                    "provider": "provider.aws"
                },
                "aws_iam_role_policy_attachment.demo-node-AmazonEKS_CNI_Policy": {
                    "type": "aws_iam_role_policy_attachment",
                    "depends_on": [
                        "aws_iam_role.demo-node"
                    ],
                    "primary": {
                        "id": "Sample4000-demo-20181003084148470200000001",
                        "attributes": {
                            "id": "Sample4000-demo-20181003084148470200000001",
                            "policy_arn": "arn:aws:iam::aws:policy/AmazonEKS_CNI_Policy",
                            "role": "Sample4000-demo"
                        },
                        "meta": {},
                        "tainted": false
                    },
                    "deposed": [],
                    "provider": "provider.aws"
                },
                "aws_launch_configuration.demo": {
                    "type": "aws_launch_configuration",
                    "depends_on": [
                        "aws_iam_instance_profile.demo-node",
                        "aws_security_group.demo-node",
                        "data.aws_ami.eks-worker",
                        "local.demo-node-userdata"
                    ],
                    "primary": {
                        "id": "Sample4000-demo20181003085108309500000006",
                        "attributes": {
                            "associate_public_ip_address": "true",
                            "ebs_block_device.#": "0",
                            "ebs_optimized": "false",
                            "enable_monitoring": "true",
                            "ephemeral_block_device.#": "0",
                            "iam_instance_profile": "Sample4000-demo",
                            "id": "Sample4000-demo20181003085108309500000006",
                            "image_id": "ami-048486555686d18a0",
                            "instance_type": "t2.large",
                            "key_name": "",
                            "name": "Sample4000-demo20181003085108309500000006",
                            "name_prefix": "Sample4000-demo",
                            "root_block_device.#": "0",
                            "security_groups.#": "1",
                            "security_groups.3225915999": "sg-0d7f0cded54dfc581",
                            "spot_price": "",
                            "user_data_base64": "IyEvYmluL2Jhc2ggLXhlCgpDQV9DRVJUSUZJQ0FURV9ESVJFQ1RPUlk9L2V0Yy9rdWJlcm5ldGVzL3BraQpDQV9DRVJUSUZJQ0FURV9GSUxFX1BBVEg9JENBX0NFUlRJRklDQVRFX0RJUkVDVE9SWS9jYS5jcnQKbWtkaXIgLXAgJENBX0NFUlRJRklDQVRFX0RJUkVDVE9SWQplY2hvICJMUzB0TFMxQ1JVZEpUaUJEUlZKVVNVWkpRMEZVUlMwdExTMHRDazFKU1VONVJFTkRRV0pEWjBGM1NVSkJaMGxDUVVSQlRrSm5hM0ZvYTJsSE9YY3dRa0ZSYzBaQlJFRldUVkpOZDBWUldVUldVVkZFUlhkd2NtUlhTbXdLWTIwMWJHUkhWbnBOUWpSWVJGUkZORTFVUVhkTmVrRTBUa1JuZWsxV2IxaEVWRWswVFVScmVrMUVRVFJPUkdkNlRWWnZkMFpVUlZSTlFrVkhRVEZWUlFwQmVFMUxZVE5XYVZwWVNuVmFXRkpzWTNwRFEwRlRTWGRFVVZsS1MyOWFTV2gyWTA1QlVVVkNRbEZCUkdkblJWQkJSRU5EUVZGdlEyZG5SVUpCVFVneENuQmFNMkV2WjFOVFdIQjBWMXBtWWtWaVNHWlJaVmgyWW05c1RuZG9ha3cyWWxoMFpWbHRabHBSY21GbE5XdE1ka2MwVlVaQ1QwMWtSSE5NY0dRdmNpc0tUVlZMYW10M2FYWkdhWFJTVDI5UWNWTXhXV05yVUVOSmFUVjFhWEJRZFZNM1lpOXVaa1ZrWld0dU5rMDJWRk16Wmt0R1dWZG1SMjB4VkRCRWVFczFPUXBEVWl0NGJqUlFiWFZIV0UxMGFtNWxkblpKYjNSS1ptNDFiRkJGWkZWSllubzFUM3AxYVdkVWNVSk1VRkJCSzNaRmNtcDFaeTlEUzJST1IxTXZlazkyQ2pSNEx6UjZUMEpWVTFsUmNHd3pNakpRYkM5c05tRkJXVVJrVHpORE5pOVVWM2RxUWpFMFZFVkRWSHBvVW1oYWJVSktibFZrU1RoUmFuWTFUVkJrVlZVS1JWcFZVak5HY0ZwUmMxZFdRMlJQYUZSUU1FMVVNV1ZHVjNneVJFOVNWR1ptVmxnM1dYbDBaRWRsYkhKTGFGaElSMDFWYkhsdGVtbHJkWEpWWjI1dWVRb3dORTlOZGtSeFQxTkNRVGN5V2xWa05VdHJRMEYzUlVGQllVMXFUVU5GZDBSbldVUldVakJRUVZGSUwwSkJVVVJCWjB0clRVRTRSMEV4VldSRmQwVkNDaTkzVVVaTlFVMUNRV1k0ZDBSUldVcExiMXBKYUhaalRrRlJSVXhDVVVGRVoyZEZRa0ZCY1ZCT2RIaFZjVEZWVHpsMGMyOW5ZbFJ6TlV0VlkyeFZaMjhLYTFWdlFUSm5SVFJSUVVoRmNFRmxTbmcwV2xsU2FtdEVXVmxKVEdwVVptdFZPWHB4YTFWTlZsRnVOa2hFZVZGSFdVNVJRWHBFYlZRMVEwOVhWalp2ZGdwblNtTklWVk4wTUZaUFZrWlRaRk16UkdGM2FXRm1XVVZxWmpjd1QwOUVURnBZU0N0VVRucGFjbU16TjJKdFIwcHNOVkk1Y2pRMWRYSXlNRUp6UjI5WUNrbE5hemRQTlU1MmIwUlVRakJ3TjBWdGQyOWFWVFI1VUdSck1EVlplbnBCYTJ0SVJrWkNkWFpLZG1wNWVWa3dNa2xZYW5oNE5tZHhiVmt2VUhaS2VYY0tRbFJDVW5KSlFVMVVjemRpUW5NMVpUSkVUelZPVmpNNVN6aG5ZMUZWY21aTFdIUXhkbmd5T1hSdllTOWpZbmhRVmtONWVsQXpTMlFyVW1GbmJYVkJUd3B2VVZSSVp5dEpXa2xuYkRsSGIxWnhUWHAxV20xRVREaEdPVmsyTmpOT1NrMXZkbGhsTTNacVZYVjZhMmhaYUZRNWRrRlFZa0YwZWs1cFdUMEtMUzB0TFMxRlRrUWdRMFZTVkVsR1NVTkJWRVV0TFMwdExRbz0iIHwgYmFzZTY0IC1kID4gICRDQV9DRVJUSUZJQ0FURV9GSUxFX1BBVEgKSU5URVJOQUxfSVA9JChjdXJsIC1zIGh0dHA6Ly8xNjkuMjU0LjE2OS4yNTQvbGF0ZXN0L21ldGEtZGF0YS9sb2NhbC1pcHY0KQpzZWQgLWkgcyxNQVNURVJfRU5EUE9JTlQsaHR0cHM6Ly84MDBFN0IxOEU2MUFEQ0E3QTE3MTc5OUQ5OTQyMEFBOS5zazEudXMtZWFzdC0xLmVrcy5hbWF6b25hd3MuY29tLGcgL3Zhci9saWIva3ViZWxldC9rdWJlY29uZmlnCnNlZCAtaSBzLENMVVNURVJfTkFNRSxTYW1wbGU0MDAwLGcgL3Zhci9saWIva3ViZWxldC9rdWJlY29uZmlnCnNlZCAtaSBzLFJFR0lPTix1cy1lYXN0LTEsZyAvZXRjL3N5c3RlbWQvc3lzdGVtL2t1YmVsZXQuc2VydmljZQpzZWQgLWkgcyxNQVhfUE9EUyw0MCxnIC9ldGMvc3lzdGVtZC9zeXN0ZW0va3ViZWxldC5zZXJ2aWNlCnNlZCAtaSBzLE1BU1RFUl9FTkRQT0lOVCxodHRwczovLzgwMEU3QjE4RTYxQURDQTdBMTcxNzk5RDk5NDIwQUE5LnNrMS51cy1lYXN0LTEuZWtzLmFtYXpvbmF3cy5jb20sZyAvZXRjL3N5c3RlbWQvc3lzdGVtL2t1YmVsZXQuc2VydmljZQpzZWQgLWkgcyxJTlRFUk5BTF9JUCwkSU5URVJOQUxfSVAsZyAvZXRjL3N5c3RlbWQvc3lzdGVtL2t1YmVsZXQuc2VydmljZQpETlNfQ0xVU1RFUl9JUD0xMC4xMDAuMC4xMAppZiBbWyAkSU5URVJOQUxfSVAgPT0gMTAuKiBdXSA7IHRoZW4gRE5TX0NMVVNURVJfSVA9MTcyLjIwLjAuMTA7IGZpCnNlZCAtaSBzLEROU19DTFVTVEVSX0lQLCRETlNfQ0xVU1RFUl9JUCxnIC9ldGMvc3lzdGVtZC9zeXN0ZW0va3ViZWxldC5zZXJ2aWNlCnNlZCAtaSBzLENFUlRJRklDQVRFX0FVVEhPUklUWV9GSUxFLCRDQV9DRVJUSUZJQ0FURV9GSUxFX1BBVEgsZyAvdmFyL2xpYi9rdWJlbGV0L2t1YmVjb25maWcKc2VkIC1pIHMsQ0xJRU5UX0NBX0ZJTEUsJENBX0NFUlRJRklDQVRFX0ZJTEVfUEFUSCxnICAvZXRjL3N5c3RlbWQvc3lzdGVtL2t1YmVsZXQuc2VydmljZQpzeXN0ZW1jdGwgZGFlbW9uLXJlbG9hZApzeXN0ZW1jdGwgcmVzdGFydCBrdWJlbGV0Cg==",
                            "vpc_classic_link_id": "",
                            "vpc_classic_link_security_groups.#": "0"
                        },
                        "meta": {},
                        "tainted": false
                    },
                    "deposed": [],
                    "provider": "provider.aws"
                },
                "aws_security_group.demo-cluster": {
                    "type": "aws_security_group",
                    "depends_on": [],
                    "primary": {
                        "id": "sg-09a7a0eff1af8b49e",
                        "attributes": {
                            "arn": "arn:aws:ec2:us-east-1:354077607506:security-group/sg-09a7a0eff1af8b49e",
                            "description": "Cluster communication with worker nodes",
                            "egress.#": "1",
                            "egress.482069346.cidr_blocks.#": "1",
                            "egress.482069346.cidr_blocks.0": "0.0.0.0/0",
                            "egress.482069346.description": "",
                            "egress.482069346.from_port": "0",
                            "egress.482069346.ipv6_cidr_blocks.#": "0",
                            "egress.482069346.prefix_list_ids.#": "0",
                            "egress.482069346.protocol": "-1",
                            "egress.482069346.security_groups.#": "0",
                            "egress.482069346.self": "false",
                            "egress.482069346.to_port": "0",
                            "id": "sg-09a7a0eff1af8b49e",
                            "ingress.#": "0",
                            "name": "Sample4000-demo-cluster",
                            "owner_id": "354077607506",
                            "revoke_rules_on_delete": "false",
                            "tags.%": "1",
                            "tags.Name": "Sample4000-demo",
                            "vpc_id": "vpc-09b17c96fe3254bfa"
                        },
                        "meta": {
                            "e2bfb730-ecaa-11e6-8f88-34363bc7c4c0": {
                                "create": 600000000000,
                                "delete": 600000000000
                            },
                            "schema_version": "1"
                        },
                        "tainted": false
                    },
                    "deposed": [],
                    "provider": "provider.aws"
                },
                "aws_security_group.demo-node": {
                    "type": "aws_security_group",
                    "depends_on": [],
                    "primary": {
                        "id": "sg-0d7f0cded54dfc581",
                        "attributes": {
                            "arn": "arn:aws:ec2:us-east-1:354077607506:security-group/sg-0d7f0cded54dfc581",
                            "description": "Security group for all nodes in the cluster",
                            "egress.#": "1",
                            "egress.482069346.cidr_blocks.#": "1",
                            "egress.482069346.cidr_blocks.0": "0.0.0.0/0",
                            "egress.482069346.description": "",
                            "egress.482069346.from_port": "0",
                            "egress.482069346.ipv6_cidr_blocks.#": "0",
                            "egress.482069346.prefix_list_ids.#": "0",
                            "egress.482069346.protocol": "-1",
                            "egress.482069346.security_groups.#": "0",
                            "egress.482069346.self": "false",
                            "egress.482069346.to_port": "0",
                            "id": "sg-0d7f0cded54dfc581",
                            "ingress.#": "0",
                            "name": "Sample4000-demo-node",
                            "owner_id": "354077607506",
                            "revoke_rules_on_delete": "false",
                            "tags.%": "2",
                            "tags.Name": "Sample4000-demo-node",
                            "tags.kubernetes.io/cluster/Sample4000": "owned",
                            "vpc_id": "vpc-09b17c96fe3254bfa"
                        },
                        "meta": {
                            "e2bfb730-ecaa-11e6-8f88-34363bc7c4c0": {
                                "create": 600000000000,
                                "delete": 600000000000
                            },
                            "schema_version": "1"
                        },
                        "tainted": false
                    },
                    "deposed": [],
                    "provider": "provider.aws"
                },
                "aws_security_group_rule.demo-cluster-ingress-node-https": {
                    "type": "aws_security_group_rule",
                    "depends_on": [
                        "aws_security_group.demo-cluster",
                        "aws_security_group.demo-node"
                    ],
                    "primary": {
                        "id": "sgrule-2926540621",
                        "attributes": {
                            "description": "Allow pods to communicate with the cluster API Server",
                            "from_port": "443",
                            "id": "sgrule-2926540621",
                            "protocol": "tcp",
                            "security_group_id": "sg-09a7a0eff1af8b49e",
                            "self": "false",
                            "source_security_group_id": "sg-0d7f0cded54dfc581",
                            "to_port": "443",
                            "type": "ingress"
                        },
                        "meta": {
                            "schema_version": "2"
                        },
                        "tainted": false
                    },
                    "deposed": [],
                    "provider": "provider.aws"
                },
                "aws_security_group_rule.demo-cluster-ingress-workstation-https": {
                    "type": "aws_security_group_rule",
                    "depends_on": [
                        "aws_security_group.demo-cluster",
                        "local.workstation-external-cidr"
                    ],
                    "primary": {
                        "id": "sgrule-1255320034",
                        "attributes": {
                            "cidr_blocks.#": "1",
                            "cidr_blocks.0": "50.125.95.249/32",
                            "description": "Allow workstation to communicate with the cluster API Server",
                            "from_port": "443",
                            "id": "sgrule-1255320034",
                            "protocol": "tcp",
                            "security_group_id": "sg-09a7a0eff1af8b49e",
                            "self": "false",
                            "to_port": "443",
                            "type": "ingress"
                        },
                        "meta": {
                            "schema_version": "2"
                        },
                        "tainted": false
                    },
                    "deposed": [],
                    "provider": "provider.aws"
                },
                "aws_security_group_rule.demo-node-ingress-cluster": {
                    "type": "aws_security_group_rule",
                    "depends_on": [
                        "aws_security_group.demo-cluster",
                        "aws_security_group.demo-node"
                    ],
                    "primary": {
                        "id": "sgrule-1466798535",
                        "attributes": {
                            "description": "Allow worker Kubelets and pods to receive communication from the cluster control plane",
                            "from_port": "1025",
                            "id": "sgrule-1466798535",
                            "protocol": "tcp",
                            "security_group_id": "sg-0d7f0cded54dfc581",
                            "self": "false",
                            "source_security_group_id": "sg-09a7a0eff1af8b49e",
                            "to_port": "65535",
                            "type": "ingress"
                        },
                        "meta": {
                            "schema_version": "2"
                        },
                        "tainted": false
                    },
                    "deposed": [],
                    "provider": "provider.aws"
                },
                "aws_security_group_rule.demo-node-ingress-self": {
                    "type": "aws_security_group_rule",
                    "depends_on": [
                        "aws_security_group.demo-node"
                    ],
                    "primary": {
                        "id": "sgrule-930322609",
                        "attributes": {
                            "description": "Allow node to communicate with each other",
                            "from_port": "0",
                            "id": "sgrule-930322609",
                            "protocol": "-1",
                            "security_group_id": "sg-0d7f0cded54dfc581",
                            "self": "false",
                            "source_security_group_id": "sg-0d7f0cded54dfc581",
                            "to_port": "65535",
                            "type": "ingress"
                        },
                        "meta": {
                            "schema_version": "2"
                        },
                        "tainted": false
                    },
                    "deposed": [],
                    "provider": "provider.aws"
                },
                "data.aws_ami.eks-worker": {
                    "type": "aws_ami",
                    "depends_on": [],
                    "primary": {
                        "id": "ami-048486555686d18a0",
                        "attributes": {
                            "architecture": "x86_64",
                            "block_device_mappings.#": "1",
                            "block_device_mappings.3798922657.device_name": "/dev/xvda",
                            "block_device_mappings.3798922657.ebs.%": "6",
                            "block_device_mappings.3798922657.ebs.delete_on_termination": "true",
                            "block_device_mappings.3798922657.ebs.encrypted": "false",
                            "block_device_mappings.3798922657.ebs.iops": "0",
                            "block_device_mappings.3798922657.ebs.snapshot_id": "snap-0277468d4a8a6a3d8",
                            "block_device_mappings.3798922657.ebs.volume_size": "20",
                            "block_device_mappings.3798922657.ebs.volume_type": "gp2",
                            "block_device_mappings.3798922657.no_device": "",
                            "block_device_mappings.3798922657.virtual_name": "",
                            "creation_date": "2018-08-14T21:06:01.000Z",
                            "description": "EKS Kubernetes Worker AMI with AmazonLinux2 image",
                            "filter.#": "1",
                            "filter.2070637487.name": "name",
                            "filter.2070637487.values.#": "1",
                            "filter.2070637487.values.0": "eks-worker-*",
                            "hypervisor": "xen",
                            "id": "ami-048486555686d18a0",
                            "image_id": "ami-048486555686d18a0",
                            "image_location": "602401143452/eks-worker-v22",
                            "image_type": "machine",
                            "most_recent": "true",
                            "name": "eks-worker-v22",
                            "owner_id": "602401143452",
                            "owners.#": "1",
                            "owners.0": "602401143452",
                            "product_codes.#": "0",
                            "public": "true",
                            "root_device_name": "/dev/xvda",
                            "root_device_type": "ebs",
                            "root_snapshot_id": "snap-0277468d4a8a6a3d8",
                            "sriov_net_support": "simple",
                            "state": "available",
                            "state_reason.%": "2",
                            "state_reason.code": "UNSET",
                            "state_reason.message": "UNSET",
                            "tags.%": "0",
                            "virtualization_type": "hvm"
                        },
                        "meta": {},
                        "tainted": false
                    },
                    "deposed": [],
                    "provider": "provider.aws"
                },
                "data.http.workstation-external-ip": {
                    "type": "http",
                    "depends_on": [],
                    "primary": {
                        "id": "2018-10-03 08:41:37.448976085 +0000 UTC",
                        "attributes": {
                            "body": "50.125.95.249\n",
                            "id": "2018-10-03 08:41:37.448976085 +0000 UTC",
                            "url": "http://ipv4.icanhazip.com"
                        },
                        "meta": {},
                        "tainted": false
                    },
                    "deposed": [],
                    "provider": "provider.http"
                }
            },
            "depends_on": []
        },
        {
            "path": [
                "root",
                "vpc"
            ],
            "outputs": {
                "vpc_id": {
                    "sensitive": false,
                    "type": "string",
                    "value": "vpc-09b17c96fe3254bfa"
                },
                "vpc_subnet_ids": {
                    "sensitive": false,
                    "type": "list",
                    "value": [
                        "subnet-07f5674f7d7145411",
                        "subnet-015eafaa2e868d52e"
                    ]
                }
            },
            "resources": {
                "aws_internet_gateway.demo": {
                    "type": "aws_internet_gateway",
                    "depends_on": [
                        "aws_vpc.demo"
                    ],
                    "primary": {
                        "id": "igw-0ee7b9e8978b300eb",
                        "attributes": {
                            "id": "igw-0ee7b9e8978b300eb",
                            "tags.%": "1",
                            "tags.Name": "Sample4000-demo",
                            "vpc_id": "vpc-09b17c96fe3254bfa"
                        },
                        "meta": {},
                        "tainted": false
                    },
                    "deposed": [],
                    "provider": "provider.aws"
                },
                "aws_route_table.demo": {
                    "type": "aws_route_table",
                    "depends_on": [
                        "aws_internet_gateway.demo",
                        "aws_vpc.demo"
                    ],
                    "primary": {
                        "id": "rtb-0e7a1d0bd0145f2d3",
                        "attributes": {
                            "id": "rtb-0e7a1d0bd0145f2d3",
                            "propagating_vgws.#": "0",
                            "route.#": "1",
                            "route.896631388.cidr_block": "0.0.0.0/0",
                            "route.896631388.egress_only_gateway_id": "",
                            "route.896631388.gateway_id": "igw-0ee7b9e8978b300eb",
                            "route.896631388.instance_id": "",
                            "route.896631388.ipv6_cidr_block": "",
                            "route.896631388.nat_gateway_id": "",
                            "route.896631388.network_interface_id": "",
                            "route.896631388.vpc_peering_connection_id": "",
                            "tags.%": "0",
                            "vpc_id": "vpc-09b17c96fe3254bfa"
                        },
                        "meta": {},
                        "tainted": false
                    },
                    "deposed": [],
                    "provider": "provider.aws"
                },
                "aws_route_table_association.demo.0": {
                    "type": "aws_route_table_association",
                    "depends_on": [
                        "aws_route_table.demo",
                        "aws_subnet.demo.*"
                    ],
                    "primary": {
                        "id": "rtbassoc-075058fce71423732",
                        "attributes": {
                            "id": "rtbassoc-075058fce71423732",
                            "route_table_id": "rtb-0e7a1d0bd0145f2d3",
                            "subnet_id": "subnet-07f5674f7d7145411"
                        },
                        "meta": {},
                        "tainted": false
                    },
                    "deposed": [],
                    "provider": "provider.aws"
                },
                "aws_route_table_association.demo.1": {
                    "type": "aws_route_table_association",
                    "depends_on": [
                        "aws_route_table.demo",
                        "aws_subnet.demo.*"
                    ],
                    "primary": {
                        "id": "rtbassoc-0a52bad4a6c04eaed",
                        "attributes": {
                            "id": "rtbassoc-0a52bad4a6c04eaed",
                            "route_table_id": "rtb-0e7a1d0bd0145f2d3",
                            "subnet_id": "subnet-015eafaa2e868d52e"
                        },
                        "meta": {},
                        "tainted": false
                    },
                    "deposed": [],
                    "provider": "provider.aws"
                },
                "aws_subnet.demo.0": {
                    "type": "aws_subnet",
                    "depends_on": [
                        "aws_vpc.demo"
                    ],
                    "primary": {
                        "id": "subnet-07f5674f7d7145411",
                        "attributes": {
                            "arn": "arn:aws:ec2:us-east-1:354077607506:subnet/subnet-07f5674f7d7145411",
                            "assign_ipv6_address_on_creation": "false",
                            "availability_zone": "us-east-1a",
                            "cidr_block": "10.0.0.0/24",
                            "id": "subnet-07f5674f7d7145411",
                            "map_public_ip_on_launch": "false",
                            "tags.%": "2",
                            "tags.Name": "Sample4000-demo-node",
                            "tags.kubernetes.io/cluster/Sample4000": "shared",
                            "vpc_id": "vpc-09b17c96fe3254bfa"
                        },
                        "meta": {
                            "e2bfb730-ecaa-11e6-8f88-34363bc7c4c0": {
                                "create": 600000000000,
                                "delete": 600000000000
                            },
                            "schema_version": "1"
                        },
                        "tainted": false
                    },
                    "deposed": [],
                    "provider": "provider.aws"
                },
                "aws_subnet.demo.1": {
                    "type": "aws_subnet",
                    "depends_on": [
                        "aws_vpc.demo"
                    ],
                    "primary": {
                        "id": "subnet-015eafaa2e868d52e",
                        "attributes": {
                            "arn": "arn:aws:ec2:us-east-1:354077607506:subnet/subnet-015eafaa2e868d52e",
                            "assign_ipv6_address_on_creation": "false",
                            "availability_zone": "us-east-1b",
                            "cidr_block": "10.0.1.0/24",
                            "id": "subnet-015eafaa2e868d52e",
                            "map_public_ip_on_launch": "false",
                            "tags.%": "2",
                            "tags.Name": "Sample4000-demo-node",
                            "tags.kubernetes.io/cluster/Sample4000": "shared",
                            "vpc_id": "vpc-09b17c96fe3254bfa"
                        },
                        "meta": {
                            "e2bfb730-ecaa-11e6-8f88-34363bc7c4c0": {
                                "create": 600000000000,
                                "delete": 600000000000
                            },
                            "schema_version": "1"
                        },
                        "tainted": false
                    },
                    "deposed": [],
                    "provider": "provider.aws"
                },
                "aws_vpc.demo": {
                    "type": "aws_vpc",
                    "depends_on": [],
                    "primary": {
                        "id": "vpc-09b17c96fe3254bfa",
                        "attributes": {
                            "arn": "arn:aws:ec2:us-east-1:354077607506:vpc/vpc-09b17c96fe3254bfa",
                            "assign_generated_ipv6_cidr_block": "false",
                            "cidr_block": "10.0.0.0/16",
                            "default_network_acl_id": "acl-0e7b8b297745de71e",
                            "default_route_table_id": "rtb-00e58e3c5709f8a32",
                            "default_security_group_id": "sg-0ed1ed59023c20b45",
                            "dhcp_options_id": "dopt-0d275576",
                            "enable_classiclink": "false",
                            "enable_classiclink_dns_support": "false",
                            "enable_dns_hostnames": "false",
                            "enable_dns_support": "true",
                            "id": "vpc-09b17c96fe3254bfa",
                            "instance_tenancy": "default",
                            "main_route_table_id": "rtb-00e58e3c5709f8a32",
                            "tags.%": "2",
                            "tags.Name": "Sample4000-demo-node",
                            "tags.kubernetes.io/cluster/Sample4000": "shared"
                        },
                        "meta": {
                            "schema_version": "1"
                        },
                        "tainted": false
                    },
                    "deposed": [],
                    "provider": "provider.aws"
                }
            },
            "depends_on": []
        }
    ]
}
